
Microsoft Visual Studio Solution File, Format Version 12.00
# Visual Studio Version 16
VisualStudioVersion = 16.0.28803.202
MinimumVisualStudioVersion = 10.0.40219.1
Project("{8BC9CEB8-8B4A-11D0-8D11-00A0C91BC942}") = "ideal gas equation of state calculator", "ideal gas equation of state calculator\ideal gas equation of state calculator.vcxproj", "{BEE5AE4B-68F2-4175-B4CF-D5BCB565FD93}"
EndProject
Global
	GlobalSection(SolutionConfigurationPlatforms) = preSolution
		Debug|x64 = Debug|x64
		Debug|x86 = Debug|x86
		Release|x64 = Release|x64
		Release|x86 = Release|x86
	EndGlobalSection
	GlobalSection(ProjectConfigurationPlatforms) = postSolution
		{BEE5AE4B-68F2-4175-B4CF-D5BCB565FD93}.Debug|x64.ActiveCfg = Debug|x64
		{BEE5AE4B-68F2-4175-B4CF-D5BCB565FD93}.Debug|x64.Build.0 = Debug|x64
		{BEE5AE4B-68F2-4175-B4CF-D5BCB565FD93}.Debug|x86.ActiveCfg = Debug|Win32
		{BEE5AE4B-68F2-4175-B4CF-D5BCB565FD93}.Debug|x86.Build.0 = Debug|Win32
		{BEE5AE4B-68F2-4175-B4CF-D5BCB565FD93}.Release|x64.ActiveCfg = Release|x64
		{BEE5AE4B-68F2-4175-B4CF-D5BCB565FD93}.Release|x64.Build.0 = Release|x64
		{BEE5AE4B-68F2-4175-B4CF-D5BCB565FD93}.Release|x86.ActiveCfg = Release|Win32
		{BEE5AE4B-68F2-4175-B4CF-D5BCB565FD93}.Release|x86.Build.0 = Release|Win32
	EndGlobalSection
	GlobalSection(SolutionProperties) = preSolution
		HideSolutionNode = FALSE
	EndGlobalSection
	GlobalSection(ExtensibilityGlobals) = postSolution
		SolutionGuid = {0C2C7FD5-C818-444B-8434-9D7A984D6E54}
	EndGlobalSection
EndGlobal
